
Microsoft Visual Studio Solution File, Format Version 12.00
# Visual Studio Version 17
VisualStudioVersion = 17.4.33122.133
MinimumVisualStudioVersion = 10.0.40219.1
Project("{FAE04EC0-301F-11D3-BF4B-00C04F79EFBC}") = "UITest", "UITest\UITest.csproj", "{97D422E9-A47E-4299-AE26-06F8265B4FAD}"
EndProject
Global
	GlobalSection(SolutionConfigurationPlatforms) = preSolution
		Debug|Any CPU = Debug|Any CPU
		Release|Any CPU = Release|Any CPU
	EndGlobalSection
	GlobalSection(ProjectConfigurationPlatforms) = postSolution
		{97D422E9-A47E-4299-AE26-06F8265B4FAD}.Debug|Any CPU.ActiveCfg = Debug|Any CPU
		{97D422E9-A47E-4299-AE26-06F8265B4FAD}.Debug|Any CPU.Build.0 = Debug|Any CPU
		{97D422E9-A47E-4299-AE26-06F8265B4FAD}.Release|Any CPU.ActiveCfg = Release|Any CPU
		{97D422E9-A47E-4299-AE26-06F8265B4FAD}.Release|Any CPU.Build.0 = Release|Any CPU
	EndGlobalSection
	GlobalSection(SolutionProperties) = preSolution
		HideSolutionNode = FALSE
	EndGlobalSection
	GlobalSection(ExtensibilityGlobals) = postSolution
		SolutionGuid = {1D47550A-8D4F-42C6-945E-25E648BBE666}
	EndGlobalSection
EndGlobal
